
Microsoft Visual Studio Solution File, Format Version 12.00
# Visual Studio Version 17
VisualStudioVersion = 17.1.32319.34
MinimumVisualStudioVersion = 10.0.40219.1
Project("{FAE04EC0-301F-11D3-BF4B-00C04F79EFBC}") = "Strings", "Strings\Strings.csproj", "{C375BE4E-DFF2-4277-A93F-3E889F1C7146}"
EndProject
Project("{FAE04EC0-301F-11D3-BF4B-00C04F79EFBC}") = "StandardInterfaces", "Interfaces\StandardInterfaces.csproj", "{271CA868-5BEC-4540-B462-FFA77087F4D9}"
EndProject
Project("{2150E333-8FDC-42A3-9474-1A3956D46DE8}") = "01. NET Framework Basics", "01. NET Framework Basics", "{80D947C5-D1E9-4814-BD59-2E49DF41D524}"
EndProject
Project("{2150E333-8FDC-42A3-9474-1A3956D46DE8}") = "02. Creating Types", "02. Creating Types", "{E3FBE13A-79C0-4694-BF7C-1B8AEC22A973}"
EndProject
Project("{FAE04EC0-301F-11D3-BF4B-00C04F79EFBC}") = "EnumStructClass", "ValueTypesReferenceTypes\EnumStructClass.csproj", "{75373F0C-B06E-41BE-BE65-96BF8B82A264}"
EndProject
Project("{FAE04EC0-301F-11D3-BF4B-00C04F79EFBC}") = "Arrays", "Array\Arrays.csproj", "{C9FAD7E9-1A72-41D8-84DE-8771E30D8CBC}"
EndProject
Project("{FAE04EC0-301F-11D3-BF4B-00C04F79EFBC}") = "Inheritance", "Inheritance\Inheritance.csproj", "{EF011870-ADD9-496C-B977-6DACE8F89447}"
EndProject
Project("{2150E333-8FDC-42A3-9474-1A3956D46DE8}") = "03. Collections", "03. Collections", "{2EF76BD0-9579-4300-BFEB-C18E64CF9FF1}"
EndProject
Project("{FAE04EC0-301F-11D3-BF4B-00C04F79EFBC}") = "StandardCollections", "StandardCollections\StandardCollections.csproj", "{A0469F13-0753-41C3-B67B-CA76758D9A23}"
EndProject
Project("{FAE04EC0-301F-11D3-BF4B-00C04F79EFBC}") = "GarbageCollection", "GarbageCollection\GarbageCollection.csproj", "{FF7F4A29-D472-47EC-ADD1-6DDC90B90F07}"
EndProject
Project("{FAE04EC0-301F-11D3-BF4B-00C04F79EFBC}") = "ExceptionHandling", "ExceptionHandling\ExceptionHandling.csproj", "{E3C49D16-324F-4913-AEDB-953A5B11FFEA}"
EndProject
Project("{FAE04EC0-301F-11D3-BF4B-00C04F79EFBC}") = "BoxingUnboxing", "BoxingUnboxing\BoxingUnboxing.csproj", "{918F2EA2-98DB-4342-BD47-1EFBCB7EE56B}"
EndProject
Project("{2150E333-8FDC-42A3-9474-1A3956D46DE8}") = "06. Windows Forms", "06. Windows Forms", "{A768DE76-513E-401C-A677-501E4BBA480E}"
EndProject
Project("{FAE04EC0-301F-11D3-BF4B-00C04F79EFBC}") = "Operators", "Operators\Operators.csproj", "{D9184C02-2ADA-42F2-86D3-70836754205D}"
EndProject
Project("{FAE04EC0-301F-11D3-BF4B-00C04F79EFBC}") = "CustomCollections", "CustomCollections\CustomCollections.csproj", "{0F018367-20E1-4AF9-BEF9-C21AB4C9D838}"
EndProject
Project("{2150E333-8FDC-42A3-9474-1A3956D46DE8}") = "05. Exceptions and Garbage Collection", "05. Exceptions and Garbage Collection", "{B5BE6112-E379-4ECB-BBCF-5621565863FC}"
EndProject
Project("{FAE04EC0-301F-11D3-BF4B-00C04F79EFBC}") = "Delegates", "Delegates\Delegates.csproj", "{CA750478-FC5F-4979-807B-B6D6EF362219}"
EndProject
Project("{2150E333-8FDC-42A3-9474-1A3956D46DE8}") = "Extra", "Extra", "{74C5D6A4-483F-4925-AE17-ED20131DE41C}"
EndProject
Project("{FAE04EC0-301F-11D3-BF4B-00C04F79EFBC}") = "Globalization", "Globalization\Globalization.csproj", "{389A84C9-024A-4F5C-B6D5-290FA6C3A05A}"
EndProject
Project("{FAE04EC0-301F-11D3-BF4B-00C04F79EFBC}") = "ClockControlSample", "ClockControlSample\ClockControlSample.csproj", "{5FE4AB3E-0809-48CE-BE52-9A18B2DF9609}"
EndProject
Project("{FAE04EC0-301F-11D3-BF4B-00C04F79EFBC}") = "ClockControlAppSample", "ClockControlAppSample\ClockControlAppSample.csproj", "{0881795D-C8B7-4606-8D46-B9FC940BB5E6}"
EndProject
Project("{FAE04EC0-301F-11D3-BF4B-00C04F79EFBC}") = "SimpleWebBrowser", "SimpleWebBrowser\SimpleWebBrowser.csproj", "{3C1648E5-3192-4CAE-B3A7-2B2CA7FEF8DD}"
EndProject
Project("{FAE04EC0-301F-11D3-BF4B-00C04F79EFBC}") = "EventsMethodTrigger", "EventsMethodTrigger\EventsMethodTrigger.csproj", "{43903ED6-420A-476C-B154-63E4A31CB9A4}"
EndProject
Project("{2150E333-8FDC-42A3-9474-1A3956D46DE8}") = "04. Delegates and Events", "04. Delegates and Events", "{868F8BD1-089A-4E76-BDEC-365F89CDB984}"
EndProject
Project("{FAE04EC0-301F-11D3-BF4B-00C04F79EFBC}") = "EventsPropertyTrigger", "EventsPropertyTrigger\EventsPropertyTrigger.csproj", "{D5449275-9B77-4543-A398-BC1568C9999D}"
EndProject
Project("{FAE04EC0-301F-11D3-BF4B-00C04F79EFBC}") = "EventsPropertyTriggerEventArgs", "EventsPropertyTriggerEventArgs\EventsPropertyTriggerEventArgs.csproj", "{359B7CBB-CDE6-403E-8EA4-F6EC7F51E2EF}"
EndProject
Project("{2150E333-8FDC-42A3-9474-1A3956D46DE8}") = "14. Windows Forms - Database", "14. Windows Forms - Database", "{A8F9A7BF-5AF8-4C23-A99D-6737FCAE4F2B}"
EndProject
Project("{FAE04EC0-301F-11D3-BF4B-00C04F79EFBC}") = "DatabaseCommandSQLite", "DatabaseCommandSQLite\DatabaseCommandSQLite.csproj", "{5175D0A8-9C62-43B9-B760-E9941F61A6F4}"
EndProject
Project("{FAE04EC0-301F-11D3-BF4B-00C04F79EFBC}") = "DatabaseDataAdapterSQLite", "DatabaseDataAdapterSQLite\DatabaseDataAdapterSQLite.csproj", "{F99E8976-7006-42C9-A803-4FCBD3476578}"
EndProject
Project("{FAE04EC0-301F-11D3-BF4B-00C04F79EFBC}") = "MethodParameters", "MethodParameters\MethodParameters.csproj", "{7F11E547-3A0E-4B67-BF3A-87658CD4D230}"
EndProject
Project("{2150E333-8FDC-42A3-9474-1A3956D46DE8}") = "17. Windows Forms - Custom Controls + Drawing", "17. Windows Forms - Custom Controls + Drawing", "{718D2BE5-3500-483F-BC23-FD1336336134}"
EndProject
Project("{FAE04EC0-301F-11D3-BF4B-00C04F79EFBC}") = "SimpleCalculator", "SimpleCalculator\SimpleCalculator.csproj", "{B7D5F54B-FF43-44B0-8775-5DD0DCC03E3C}"
EndProject
Project("{FAE04EC0-301F-11D3-BF4B-00C04F79EFBC}") = "KeyEvents", "KeyEvents\KeyEvents.csproj", "{989E2B9D-BC51-4379-8CDA-9AADBB434528}"
EndProject
Project("{FAE04EC0-301F-11D3-BF4B-00C04F79EFBC}") = "MouseEvents", "MouseEvents\MouseEvents.csproj", "{1DAC53A2-16C7-4DA9-806D-75279DA9F91E}"
EndProject
Project("{2150E333-8FDC-42A3-9474-1A3956D46DE8}") = "08. Windows Forms - Keyboard, Mouse Events", "08. Windows Forms - Keyboard, Mouse Events", "{9DA02F82-AD1C-4834-8C96-2836B80B1ECD}"
EndProject
Project("{2150E333-8FDC-42A3-9474-1A3956D46DE8}") = "09. Windows Forms - Validation, Exceptions", "09. Windows Forms - Validation, Exceptions", "{E88FB65B-BFCB-437C-BF9E-690FBF664FBC}"
EndProject
Project("{FAE04EC0-301F-11D3-BF4B-00C04F79EFBC}") = "KeyEventsNumericTextBox", "KeyEventsNumericTextBox\KeyEventsNumericTextBox.csproj", "{7DCB57BF-028E-4722-8E1C-A5ED0D4B07A5}"
EndProject
Project("{2150E333-8FDC-42A3-9474-1A3956D46DE8}") = "10. Windows Forms - ListView, TreeView", "10. Windows Forms - ListView, TreeView", "{BF9CD386-61B2-438C-8F74-D95ED547CF6A}"
EndProject
Project("{FAE04EC0-301F-11D3-BF4B-00C04F79EFBC}") = "TreeViewSample", "TreeViewSample\TreeViewSample.csproj", "{D904DCD7-389C-4E75-A863-F673710113AD}"
EndProject
Project("{2150E333-8FDC-42A3-9474-1A3956D46DE8}") = "07. Windows Forms - Menus", "07. Windows Forms - Menus", "{0F901F73-692C-41A2-8496-548DE1430391}"
EndProject
Project("{FAE04EC0-301F-11D3-BF4B-00C04F79EFBC}") = "ValidationCustomExceptions", "ValidationExceptionHandling\ValidationCustomExceptions.csproj", "{18A2F0BE-9379-49A6-9561-94AB2FC0D9AE}"
EndProject
Project("{FAE04EC0-301F-11D3-BF4B-00C04F79EFBC}") = "ListViewSample", "ListViewSample\ListViewSample.csproj", "{73AFE8EC-1C36-41F2-B5FD-F03B1889E294}"
EndProject
Project("{2150E333-8FDC-42A3-9474-1A3956D46DE8}") = "13. Windows Forms - DataBinding", "13. Windows Forms - DataBinding", "{BF3BF946-C947-4AFC-8ABB-9C2ED1A0E687}"
EndProject
Project("{2150E333-8FDC-42A3-9474-1A3956D46DE8}") = "11. Windows Forms - Serialization, TextFiles, XML", "11. Windows Forms - Serialization, TextFiles, XML", "{21CE9FC6-1F31-4200-9DC1-BD38FB9AC299}"
EndProject
Project("{FAE04EC0-301F-11D3-BF4B-00C04F79EFBC}") = "StandardExceptions", "StandardExceptions\StandardExceptions.csproj", "{23D43178-0B76-40BD-92FB-EF94113562EF}"
EndProject
Project("{FAE04EC0-301F-11D3-BF4B-00C04F79EFBC}") = "DataBindingSample", "DataBinding\DataBindingSample.csproj", "{1967F6BA-DB75-457A-8B0B-247146B76E1C}"
EndProject
Project("{FAE04EC0-301F-11D3-BF4B-00C04F79EFBC}") = "TextFileSample", "TextFileSample\TextFileSample.csproj", "{2BEA60A9-D263-4BBC-8E9B-6C9D1090F75F}"
EndProject
Project("{2150E333-8FDC-42A3-9474-1A3956D46DE8}") = "15. Windows Forms - Printing", "15. Windows Forms - Printing", "{5A35B567-661E-4E8A-B88D-E10AC899B03A}"
EndProject
Project("{FAE04EC0-301F-11D3-BF4B-00C04F79EFBC}") = "PrintingLongTextSample", "PrintingLongTextSample\PrintingLongTextSample.csproj", "{E58B5A13-CD0E-48BD-B7D8-639C894826DF}"
EndProject
Project("{2150E333-8FDC-42A3-9474-1A3956D46DE8}") = "12. Windows Forms - Dialogs", "12. Windows Forms - Dialogs", "{EDBC8242-986B-46BC-A258-AA1D22B9615F}"
EndProject
Project("{FAE04EC0-301F-11D3-BF4B-00C04F79EFBC}") = "EmailSample", "Google Email\EmailSample.csproj", "{19FADD11-2E7A-4D88-8B7B-3CCF84D4722E}"
EndProject
Project("{FAE04EC0-301F-11D3-BF4B-00C04F79EFBC}") = "ListViewBasicSample", "ListViewBasicSample\ListViewBasicSample.csproj", "{3C9E2256-3D38-4BCA-ACA4-0B5918E320AE}"
EndProject
Project("{FAE04EC0-301F-11D3-BF4B-00C04F79EFBC}") = "ClipboardSample", "ClipboardSample\ClipboardSample.csproj", "{A521281E-EA57-4145-9F55-6EE74F065888}"
EndProject
Project("{2150E333-8FDC-42A3-9474-1A3956D46DE8}") = "18. Windows Forms - Clipboard, DragDrop", "18. Windows Forms - Clipboard, DragDrop", "{BCCF7BA0-13D4-41B6-B803-A5609AC0ACA4}"
EndProject
Project("{FAE04EC0-301F-11D3-BF4B-00C04F79EFBC}") = "PieChartGraphicsSample", "PieChartGraphicsSample\PieChartGraphicsSample.csproj", "{8E814F55-1422-471E-AAEE-04C20772631E}"
EndProject
Project("{FAE04EC0-301F-11D3-BF4B-00C04F79EFBC}") = "DragDropSample", "DragDropSample\DragDropSample.csproj", "{8537243F-1409-4C99-92D3-1E24235214C9}"
EndProject
Project("{2150E333-8FDC-42A3-9474-1A3956D46DE8}") = "16. Windows Forms - Custom Controls", "16. Windows Forms - Custom Controls", "{33FAA69E-261C-4BF9-A8C3-7FF70F6899D1}"
EndProject
Project("{FAE04EC0-301F-11D3-BF4B-00C04F79EFBC}") = "NumericTextBoxControlSample", "NumericTextBoxControlSample\NumericTextBoxControlSample.csproj", "{768EE2BC-7441-4A4C-9A28-4FFBB7AB0A3F}"
EndProject
Project("{FAE04EC0-301F-11D3-BF4B-00C04F79EFBC}") = "ToolStripContainerWebBrowser", "ToolStripContainerWebBrowser\ToolStripContainerWebBrowser.csproj", "{3821CEE4-5A47-4F0B-B011-8D75A7CA5759}"
EndProject
Project("{FAE04EC0-301F-11D3-BF4B-00C04F79EFBC}") = "SerializationBinaryXMLTextFile", "SerializationBinaryXMLTextFile\SerializationBinaryXMLTextFile.csproj", "{4BDFA78C-CAFF-4B6C-8AA7-15DC655DB34A}"
EndProject
Project("{FAE04EC0-301F-11D3-BF4B-00C04F79EFBC}") = "DataBindingSample.Tests", "DataBindingSample.Tests\DataBindingSample.Tests.csproj", "{6E789186-0659-42EA-B4B9-EDFCBF5EAD9C}"
EndProject
Project("{FAE04EC0-301F-11D3-BF4B-00C04F79EFBC}") = "BarChartGraphicsSample", "BarChartGraphicsSample\BarChartGraphicsSample.csproj", "{815C4C56-117F-4AE2-AD1A-4CFD57B79F2D}"
EndProject
Project("{FAE04EC0-301F-11D3-BF4B-00C04F79EFBC}") = "PrintingRecordsSample", "PrintingRecordsSample\PrintingRecordsSample.csproj", "{EA10B123-A63F-4D7A-BDE8-D85BB2B02760}"
EndProject
Project("{FAE04EC0-301F-11D3-BF4B-00C04F79EFBC}") = "DatabaseDataAdapterMSAccess", "DatabaseDataAdapterMSAccess\DatabaseDataAdapterMSAccess.csproj", "{B2DB81FD-9B17-4CA6-A226-014D2B6192F8}"
EndProject
Project("{FAE04EC0-301F-11D3-BF4B-00C04F79EFBC}") = "DatabaseCommandMSAccess", "DatabaseCommandMSAccess\DatabaseCommandMSAccess.csproj", "{931F528C-9AD1-444E-A071-58ECB99BC368}"
EndProject
Project("{FAE04EC0-301F-11D3-BF4B-00C04F79EFBC}") = "DatabaseCommandMSAccess2Entities", "DatabaseCommandMSAccess2Entities\DatabaseCommandMSAccess2Entities.csproj", "{219CE8C1-B8B2-4B27-939A-C32BCFB44D5F}"
EndProject
Project("{FAE04EC0-301F-11D3-BF4B-00C04F79EFBC}") = "DatabaseCommandSQLiteDataGridView", "DatabaseCommandSQLiteDataGridView\DatabaseCommandSQLiteDataGridView.csproj", "{5BA64C89-BCDA-4D8C-A31B-F3CF33C20F04}"
EndProject
Project("{FAE04EC0-301F-11D3-BF4B-00C04F79EFBC}") = "ListViewDialogSample", "ListViewDialogSample\ListViewDialogSample.csproj", "{CFB2C697-C2A4-492B-A17B-1C5A95637254}"
EndProject
Project("{FAE04EC0-301F-11D3-BF4B-00C04F79EFBC}") = "DataGridViewDialogSample", "DataGridViewDialogSample\DataGridViewDialogSample.csproj", "{DA60C746-A3E6-4AFE-AD47-3862E6AAB81E}"
EndProject
Project("{FAE04EC0-301F-11D3-BF4B-00C04F79EFBC}") = "DatabaseCommandSQLServer2Entities", "DatabaseCommandSQLServer2Entities\DatabaseCommandSQLServer2Entities.csproj", "{9EBBF27C-8492-479B-87E8-07E9882E0694}"
EndProject
Project("{FAE04EC0-301F-11D3-BF4B-00C04F79EFBC}") = "SerializationJSONXMLTextFile", "SerializationJSONXMLTextFile\SerializationJSONXMLTextFile.csproj", "{0BC1AE95-BEF9-4899-A969-8E9556C5E871}"
EndProject
Global
	GlobalSection(SolutionConfigurationPlatforms) = preSolution
		Debug|Any CPU = Debug|Any CPU
		Release|Any CPU = Release|Any CPU
	EndGlobalSection
	GlobalSection(ProjectConfigurationPlatforms) = postSolution
		{C375BE4E-DFF2-4277-A93F-3E889F1C7146}.Debug|Any CPU.ActiveCfg = Debug|Any CPU
		{C375BE4E-DFF2-4277-A93F-3E889F1C7146}.Debug|Any CPU.Build.0 = Debug|Any CPU
		{C375BE4E-DFF2-4277-A93F-3E889F1C7146}.Release|Any CPU.ActiveCfg = Release|Any CPU
		{C375BE4E-DFF2-4277-A93F-3E889F1C7146}.Release|Any CPU.Build.0 = Release|Any CPU
		{271CA868-5BEC-4540-B462-FFA77087F4D9}.Debug|Any CPU.ActiveCfg = Debug|Any CPU
		{271CA868-5BEC-4540-B462-FFA77087F4D9}.Debug|Any CPU.Build.0 = Debug|Any CPU
		{271CA868-5BEC-4540-B462-FFA77087F4D9}.Release|Any CPU.ActiveCfg = Release|Any CPU
		{271CA868-5BEC-4540-B462-FFA77087F4D9}.Release|Any CPU.Build.0 = Release|Any CPU
		{75373F0C-B06E-41BE-BE65-96BF8B82A264}.Debug|Any CPU.ActiveCfg = Debug|Any CPU
		{75373F0C-B06E-41BE-BE65-96BF8B82A264}.Debug|Any CPU.Build.0 = Debug|Any CPU
		{75373F0C-B06E-41BE-BE65-96BF8B82A264}.Release|Any CPU.ActiveCfg = Release|Any CPU
		{75373F0C-B06E-41BE-BE65-96BF8B82A264}.Release|Any CPU.Build.0 = Release|Any CPU
		{C9FAD7E9-1A72-41D8-84DE-8771E30D8CBC}.Debug|Any CPU.ActiveCfg = Debug|Any CPU
		{C9FAD7E9-1A72-41D8-84DE-8771E30D8CBC}.Debug|Any CPU.Build.0 = Debug|Any CPU
		{C9FAD7E9-1A72-41D8-84DE-8771E30D8CBC}.Release|Any CPU.ActiveCfg = Release|Any CPU
		{C9FAD7E9-1A72-41D8-84DE-8771E30D8CBC}.Release|Any CPU.Build.0 = Release|Any CPU
		{EF011870-ADD9-496C-B977-6DACE8F89447}.Debug|Any CPU.ActiveCfg = Debug|Any CPU
		{EF011870-ADD9-496C-B977-6DACE8F89447}.Debug|Any CPU.Build.0 = Debug|Any CPU
		{EF011870-ADD9-496C-B977-6DACE8F89447}.Release|Any CPU.ActiveCfg = Release|Any CPU
		{EF011870-ADD9-496C-B977-6DACE8F89447}.Release|Any CPU.Build.0 = Release|Any CPU
		{A0469F13-0753-41C3-B67B-CA76758D9A23}.Debug|Any CPU.ActiveCfg = Debug|Any CPU
		{A0469F13-0753-41C3-B67B-CA76758D9A23}.Debug|Any CPU.Build.0 = Debug|Any CPU
		{A0469F13-0753-41C3-B67B-CA76758D9A23}.Release|Any CPU.ActiveCfg = Release|Any CPU
		{A0469F13-0753-41C3-B67B-CA76758D9A23}.Release|Any CPU.Build.0 = Release|Any CPU
		{FF7F4A29-D472-47EC-ADD1-6DDC90B90F07}.Debug|Any CPU.ActiveCfg = Debug|Any CPU
		{FF7F4A29-D472-47EC-ADD1-6DDC90B90F07}.Debug|Any CPU.Build.0 = Debug|Any CPU
		{FF7F4A29-D472-47EC-ADD1-6DDC90B90F07}.Release|Any CPU.ActiveCfg = Release|Any CPU
		{FF7F4A29-D472-47EC-ADD1-6DDC90B90F07}.Release|Any CPU.Build.0 = Release|Any CPU
		{E3C49D16-324F-4913-AEDB-953A5B11FFEA}.Debug|Any CPU.ActiveCfg = Debug|Any CPU
		{E3C49D16-324F-4913-AEDB-953A5B11FFEA}.Debug|Any CPU.Build.0 = Debug|Any CPU
		{E3C49D16-324F-4913-AEDB-953A5B11FFEA}.Release|Any CPU.ActiveCfg = Release|Any CPU
		{E3C49D16-324F-4913-AEDB-953A5B11FFEA}.Release|Any CPU.Build.0 = Release|Any CPU
		{918F2EA2-98DB-4342-BD47-1EFBCB7EE56B}.Debug|Any CPU.ActiveCfg = Debug|Any CPU
		{918F2EA2-98DB-4342-BD47-1EFBCB7EE56B}.Debug|Any CPU.Build.0 = Debug|Any CPU
		{918F2EA2-98DB-4342-BD47-1EFBCB7EE56B}.Release|Any CPU.ActiveCfg = Release|Any CPU
		{918F2EA2-98DB-4342-BD47-1EFBCB7EE56B}.Release|Any CPU.Build.0 = Release|Any CPU
		{D9184C02-2ADA-42F2-86D3-70836754205D}.Debug|Any CPU.ActiveCfg = Debug|Any CPU
		{D9184C02-2ADA-42F2-86D3-70836754205D}.Debug|Any CPU.Build.0 = Debug|Any CPU
		{D9184C02-2ADA-42F2-86D3-70836754205D}.Release|Any CPU.ActiveCfg = Release|Any CPU
		{D9184C02-2ADA-42F2-86D3-70836754205D}.Release|Any CPU.Build.0 = Release|Any CPU
		{0F018367-20E1-4AF9-BEF9-C21AB4C9D838}.Debug|Any CPU.ActiveCfg = Debug|Any CPU
		{0F018367-20E1-4AF9-BEF9-C21AB4C9D838}.Debug|Any CPU.Build.0 = Debug|Any CPU
		{0F018367-20E1-4AF9-BEF9-C21AB4C9D838}.Release|Any CPU.ActiveCfg = Release|Any CPU
		{0F018367-20E1-4AF9-BEF9-C21AB4C9D838}.Release|Any CPU.Build.0 = Release|Any CPU
		{CA750478-FC5F-4979-807B-B6D6EF362219}.Debug|Any CPU.ActiveCfg = Debug|Any CPU
		{CA750478-FC5F-4979-807B-B6D6EF362219}.Debug|Any CPU.Build.0 = Debug|Any CPU
		{CA750478-FC5F-4979-807B-B6D6EF362219}.Release|Any CPU.ActiveCfg = Release|Any CPU
		{CA750478-FC5F-4979-807B-B6D6EF362219}.Release|Any CPU.Build.0 = Release|Any CPU
		{389A84C9-024A-4F5C-B6D5-290FA6C3A05A}.Debug|Any CPU.ActiveCfg = Debug|Any CPU
		{389A84C9-024A-4F5C-B6D5-290FA6C3A05A}.Debug|Any CPU.Build.0 = Debug|Any CPU
		{389A84C9-024A-4F5C-B6D5-290FA6C3A05A}.Release|Any CPU.ActiveCfg = Release|Any CPU
		{389A84C9-024A-4F5C-B6D5-290FA6C3A05A}.Release|Any CPU.Build.0 = Release|Any CPU
		{5FE4AB3E-0809-48CE-BE52-9A18B2DF9609}.Debug|Any CPU.ActiveCfg = Debug|Any CPU
		{5FE4AB3E-0809-48CE-BE52-9A18B2DF9609}.Debug|Any CPU.Build.0 = Debug|Any CPU
		{5FE4AB3E-0809-48CE-BE52-9A18B2DF9609}.Release|Any CPU.ActiveCfg = Release|Any CPU
		{5FE4AB3E-0809-48CE-BE52-9A18B2DF9609}.Release|Any CPU.Build.0 = Release|Any CPU
		{0881795D-C8B7-4606-8D46-B9FC940BB5E6}.Debug|Any CPU.ActiveCfg = Debug|Any CPU
		{0881795D-C8B7-4606-8D46-B9FC940BB5E6}.Debug|Any CPU.Build.0 = Debug|Any CPU
		{0881795D-C8B7-4606-8D46-B9FC940BB5E6}.Release|Any CPU.ActiveCfg = Release|Any CPU
		{0881795D-C8B7-4606-8D46-B9FC940BB5E6}.Release|Any CPU.Build.0 = Release|Any CPU
		{3C1648E5-3192-4CAE-B3A7-2B2CA7FEF8DD}.Debug|Any CPU.ActiveCfg = Debug|Any CPU
		{3C1648E5-3192-4CAE-B3A7-2B2CA7FEF8DD}.Debug|Any CPU.Build.0 = Debug|Any CPU
		{3C1648E5-3192-4CAE-B3A7-2B2CA7FEF8DD}.Release|Any CPU.ActiveCfg = Release|Any CPU
		{3C1648E5-3192-4CAE-B3A7-2B2CA7FEF8DD}.Release|Any CPU.Build.0 = Release|Any CPU
		{43903ED6-420A-476C-B154-63E4A31CB9A4}.Debug|Any CPU.ActiveCfg = Debug|Any CPU
		{43903ED6-420A-476C-B154-63E4A31CB9A4}.Debug|Any CPU.Build.0 = Debug|Any CPU
		{43903ED6-420A-476C-B154-63E4A31CB9A4}.Release|Any CPU.ActiveCfg = Release|Any CPU
		{43903ED6-420A-476C-B154-63E4A31CB9A4}.Release|Any CPU.Build.0 = Release|Any CPU
		{D5449275-9B77-4543-A398-BC1568C9999D}.Debug|Any CPU.ActiveCfg = Debug|Any CPU
		{D5449275-9B77-4543-A398-BC1568C9999D}.Debug|Any CPU.Build.0 = Debug|Any CPU
		{D5449275-9B77-4543-A398-BC1568C9999D}.Release|Any CPU.ActiveCfg = Release|Any CPU
		{D5449275-9B77-4543-A398-BC1568C9999D}.Release|Any CPU.Build.0 = Release|Any CPU
		{359B7CBB-CDE6-403E-8EA4-F6EC7F51E2EF}.Debug|Any CPU.ActiveCfg = Debug|Any CPU
		{359B7CBB-CDE6-403E-8EA4-F6EC7F51E2EF}.Debug|Any CPU.Build.0 = Debug|Any CPU
		{359B7CBB-CDE6-403E-8EA4-F6EC7F51E2EF}.Release|Any CPU.ActiveCfg = Release|Any CPU
		{359B7CBB-CDE6-403E-8EA4-F6EC7F51E2EF}.Release|Any CPU.Build.0 = Release|Any CPU
		{5175D0A8-9C62-43B9-B760-E9941F61A6F4}.Debug|Any CPU.ActiveCfg = Debug|Any CPU
		{5175D0A8-9C62-43B9-B760-E9941F61A6F4}.Debug|Any CPU.Build.0 = Debug|Any CPU
		{5175D0A8-9C62-43B9-B760-E9941F61A6F4}.Release|Any CPU.ActiveCfg = Release|Any CPU
		{5175D0A8-9C62-43B9-B760-E9941F61A6F4}.Release|Any CPU.Build.0 = Release|Any CPU
		{F99E8976-7006-42C9-A803-4FCBD3476578}.Debug|Any CPU.ActiveCfg = Debug|Any CPU
		{F99E8976-7006-42C9-A803-4FCBD3476578}.Debug|Any CPU.Build.0 = Debug|Any CPU
		{F99E8976-7006-42C9-A803-4FCBD3476578}.Release|Any CPU.ActiveCfg = Release|Any CPU
		{F99E8976-7006-42C9-A803-4FCBD3476578}.Release|Any CPU.Build.0 = Release|Any CPU
		{7F11E547-3A0E-4B67-BF3A-87658CD4D230}.Debug|Any CPU.ActiveCfg = Debug|Any CPU
		{7F11E547-3A0E-4B67-BF3A-87658CD4D230}.Debug|Any CPU.Build.0 = Debug|Any CPU
		{7F11E547-3A0E-4B67-BF3A-87658CD4D230}.Release|Any CPU.ActiveCfg = Release|Any CPU
		{7F11E547-3A0E-4B67-BF3A-87658CD4D230}.Release|Any CPU.Build.0 = Release|Any CPU
		{B7D5F54B-FF43-44B0-8775-5DD0DCC03E3C}.Debug|Any CPU.ActiveCfg = Debug|Any CPU
		{B7D5F54B-FF43-44B0-8775-5DD0DCC03E3C}.Debug|Any CPU.Build.0 = Debug|Any CPU
		{B7D5F54B-FF43-44B0-8775-5DD0DCC03E3C}.Release|Any CPU.ActiveCfg = Release|Any CPU
		{B7D5F54B-FF43-44B0-8775-5DD0DCC03E3C}.Release|Any CPU.Build.0 = Release|Any CPU
		{989E2B9D-BC51-4379-8CDA-9AADBB434528}.Debug|Any CPU.ActiveCfg = Debug|Any CPU
		{989E2B9D-BC51-4379-8CDA-9AADBB434528}.Debug|Any CPU.Build.0 = Debug|Any CPU
		{989E2B9D-BC51-4379-8CDA-9AADBB434528}.Release|Any CPU.ActiveCfg = Release|Any CPU
		{989E2B9D-BC51-4379-8CDA-9AADBB434528}.Release|Any CPU.Build.0 = Release|Any CPU
		{1DAC53A2-16C7-4DA9-806D-75279DA9F91E}.Debug|Any CPU.ActiveCfg = Debug|Any CPU
		{1DAC53A2-16C7-4DA9-806D-75279DA9F91E}.Debug|Any CPU.Build.0 = Debug|Any CPU
		{1DAC53A2-16C7-4DA9-806D-75279DA9F91E}.Release|Any CPU.ActiveCfg = Release|Any CPU
		{1DAC53A2-16C7-4DA9-806D-75279DA9F91E}.Release|Any CPU.Build.0 = Release|Any CPU
		{7DCB57BF-028E-4722-8E1C-A5ED0D4B07A5}.Debug|Any CPU.ActiveCfg = Debug|Any CPU
		{7DCB57BF-028E-4722-8E1C-A5ED0D4B07A5}.Debug|Any CPU.Build.0 = Debug|Any CPU
		{7DCB57BF-028E-4722-8E1C-A5ED0D4B07A5}.Release|Any CPU.ActiveCfg = Release|Any CPU
		{7DCB57BF-028E-4722-8E1C-A5ED0D4B07A5}.Release|Any CPU.Build.0 = Release|Any CPU
		{D904DCD7-389C-4E75-A863-F673710113AD}.Debug|Any CPU.ActiveCfg = Debug|Any CPU
		{D904DCD7-389C-4E75-A863-F673710113AD}.Debug|Any CPU.Build.0 = Debug|Any CPU
		{D904DCD7-389C-4E75-A863-F673710113AD}.Release|Any CPU.ActiveCfg = Release|Any CPU
		{D904DCD7-389C-4E75-A863-F673710113AD}.Release|Any CPU.Build.0 = Release|Any CPU
		{18A2F0BE-9379-49A6-9561-94AB2FC0D9AE}.Debug|Any CPU.ActiveCfg = Debug|Any CPU
		{18A2F0BE-9379-49A6-9561-94AB2FC0D9AE}.Debug|Any CPU.Build.0 = Debug|Any CPU
		{18A2F0BE-9379-49A6-9561-94AB2FC0D9AE}.Release|Any CPU.ActiveCfg = Release|Any CPU
		{18A2F0BE-9379-49A6-9561-94AB2FC0D9AE}.Release|Any CPU.Build.0 = Release|Any CPU
		{73AFE8EC-1C36-41F2-B5FD-F03B1889E294}.Debug|Any CPU.ActiveCfg = Debug|Any CPU
		{73AFE8EC-1C36-41F2-B5FD-F03B1889E294}.Debug|Any CPU.Build.0 = Debug|Any CPU
		{73AFE8EC-1C36-41F2-B5FD-F03B1889E294}.Release|Any CPU.ActiveCfg = Release|Any CPU
		{73AFE8EC-1C36-41F2-B5FD-F03B1889E294}.Release|Any CPU.Build.0 = Release|Any CPU
		{23D43178-0B76-40BD-92FB-EF94113562EF}.Debug|Any CPU.ActiveCfg = Debug|Any CPU
		{23D43178-0B76-40BD-92FB-EF94113562EF}.Debug|Any CPU.Build.0 = Debug|Any CPU
		{23D43178-0B76-40BD-92FB-EF94113562EF}.Release|Any CPU.ActiveCfg = Release|Any CPU
		{23D43178-0B76-40BD-92FB-EF94113562EF}.Release|Any CPU.Build.0 = Release|Any CPU
		{1967F6BA-DB75-457A-8B0B-247146B76E1C}.Debug|Any CPU.ActiveCfg = Debug|Any CPU
		{1967F6BA-DB75-457A-8B0B-247146B76E1C}.Debug|Any CPU.Build.0 = Debug|Any CPU
		{1967F6BA-DB75-457A-8B0B-247146B76E1C}.Release|Any CPU.ActiveCfg = Release|Any CPU
		{1967F6BA-DB75-457A-8B0B-247146B76E1C}.Release|Any CPU.Build.0 = Release|Any CPU
		{2BEA60A9-D263-4BBC-8E9B-6C9D1090F75F}.Debug|Any CPU.ActiveCfg = Debug|Any CPU
		{2BEA60A9-D263-4BBC-8E9B-6C9D1090F75F}.Debug|Any CPU.Build.0 = Debug|Any CPU
		{2BEA60A9-D263-4BBC-8E9B-6C9D1090F75F}.Release|Any CPU.ActiveCfg = Release|Any CPU
		{2BEA60A9-D263-4BBC-8E9B-6C9D1090F75F}.Release|Any CPU.Build.0 = Release|Any CPU
		{E58B5A13-CD0E-48BD-B7D8-639C894826DF}.Debug|Any CPU.ActiveCfg = Debug|Any CPU
		{E58B5A13-CD0E-48BD-B7D8-639C894826DF}.Debug|Any CPU.Build.0 = Debug|Any CPU
		{E58B5A13-CD0E-48BD-B7D8-639C894826DF}.Release|Any CPU.ActiveCfg = Release|Any CPU
		{E58B5A13-CD0E-48BD-B7D8-639C894826DF}.Release|Any CPU.Build.0 = Release|Any CPU
		{19FADD11-2E7A-4D88-8B7B-3CCF84D4722E}.Debug|Any CPU.ActiveCfg = Debug|Any CPU
		{19FADD11-2E7A-4D88-8B7B-3CCF84D4722E}.Debug|Any CPU.Build.0 = Debug|Any CPU
		{19FADD11-2E7A-4D88-8B7B-3CCF84D4722E}.Release|Any CPU.ActiveCfg = Release|Any CPU
		{19FADD11-2E7A-4D88-8B7B-3CCF84D4722E}.Release|Any CPU.Build.0 = Release|Any CPU
		{3C9E2256-3D38-4BCA-ACA4-0B5918E320AE}.Debug|Any CPU.ActiveCfg = Debug|Any CPU
		{3C9E2256-3D38-4BCA-ACA4-0B5918E320AE}.Debug|Any CPU.Build.0 = Debug|Any CPU
		{3C9E2256-3D38-4BCA-ACA4-0B5918E320AE}.Release|Any CPU.ActiveCfg = Release|Any CPU
		{3C9E2256-3D38-4BCA-ACA4-0B5918E320AE}.Release|Any CPU.Build.0 = Release|Any CPU
		{A521281E-EA57-4145-9F55-6EE74F065888}.Debug|Any CPU.ActiveCfg = Debug|Any CPU
		{A521281E-EA57-4145-9F55-6EE74F065888}.Debug|Any CPU.Build.0 = Debug|Any CPU
		{A521281E-EA57-4145-9F55-6EE74F065888}.Release|Any CPU.ActiveCfg = Release|Any CPU
		{A521281E-EA57-4145-9F55-6EE74F065888}.Release|Any CPU.Build.0 = Release|Any CPU
		{8E814F55-1422-471E-AAEE-04C20772631E}.Debug|Any CPU.ActiveCfg = Debug|Any CPU
		{8E814F55-1422-471E-AAEE-04C20772631E}.Debug|Any CPU.Build.0 = Debug|Any CPU
		{8E814F55-1422-471E-AAEE-04C20772631E}.Release|Any CPU.ActiveCfg = Release|Any CPU
		{8E814F55-1422-471E-AAEE-04C20772631E}.Release|Any CPU.Build.0 = Release|Any CPU
		{8537243F-1409-4C99-92D3-1E24235214C9}.Debug|Any CPU.ActiveCfg = Debug|Any CPU
		{8537243F-1409-4C99-92D3-1E24235214C9}.Debug|Any CPU.Build.0 = Debug|Any CPU
		{8537243F-1409-4C99-92D3-1E24235214C9}.Release|Any CPU.ActiveCfg = Release|Any CPU
		{8537243F-1409-4C99-92D3-1E24235214C9}.Release|Any CPU.Build.0 = Release|Any CPU
		{768EE2BC-7441-4A4C-9A28-4FFBB7AB0A3F}.Debug|Any CPU.ActiveCfg = Debug|Any CPU
		{768EE2BC-7441-4A4C-9A28-4FFBB7AB0A3F}.Debug|Any CPU.Build.0 = Debug|Any CPU
		{768EE2BC-7441-4A4C-9A28-4FFBB7AB0A3F}.Release|Any CPU.ActiveCfg = Release|Any CPU
		{768EE2BC-7441-4A4C-9A28-4FFBB7AB0A3F}.Release|Any CPU.Build.0 = Release|Any CPU
		{3821CEE4-5A47-4F0B-B011-8D75A7CA5759}.Debug|Any CPU.ActiveCfg = Debug|Any CPU
		{3821CEE4-5A47-4F0B-B011-8D75A7CA5759}.Debug|Any CPU.Build.0 = Debug|Any CPU
		{3821CEE4-5A47-4F0B-B011-8D75A7CA5759}.Release|Any CPU.ActiveCfg = Release|Any CPU
		{3821CEE4-5A47-4F0B-B011-8D75A7CA5759}.Release|Any CPU.Build.0 = Release|Any CPU
		{4BDFA78C-CAFF-4B6C-8AA7-15DC655DB34A}.Debug|Any CPU.ActiveCfg = Debug|Any CPU
		{4BDFA78C-CAFF-4B6C-8AA7-15DC655DB34A}.Debug|Any CPU.Build.0 = Debug|Any CPU
		{4BDFA78C-CAFF-4B6C-8AA7-15DC655DB34A}.Release|Any CPU.ActiveCfg = Release|Any CPU
		{4BDFA78C-CAFF-4B6C-8AA7-15DC655DB34A}.Release|Any CPU.Build.0 = Release|Any CPU
		{6E789186-0659-42EA-B4B9-EDFCBF5EAD9C}.Debug|Any CPU.ActiveCfg = Debug|Any CPU
		{6E789186-0659-42EA-B4B9-EDFCBF5EAD9C}.Debug|Any CPU.Build.0 = Debug|Any CPU
		{6E789186-0659-42EA-B4B9-EDFCBF5EAD9C}.Release|Any CPU.ActiveCfg = Release|Any CPU
		{6E789186-0659-42EA-B4B9-EDFCBF5EAD9C}.Release|Any CPU.Build.0 = Release|Any CPU
		{815C4C56-117F-4AE2-AD1A-4CFD57B79F2D}.Debug|Any CPU.ActiveCfg = Debug|Any CPU
		{815C4C56-117F-4AE2-AD1A-4CFD57B79F2D}.Debug|Any CPU.Build.0 = Debug|Any CPU
		{815C4C56-117F-4AE2-AD1A-4CFD57B79F2D}.Release|Any CPU.ActiveCfg = Release|Any CPU
		{815C4C56-117F-4AE2-AD1A-4CFD57B79F2D}.Release|Any CPU.Build.0 = Release|Any CPU
		{EA10B123-A63F-4D7A-BDE8-D85BB2B02760}.Debug|Any CPU.ActiveCfg = Debug|Any CPU
		{EA10B123-A63F-4D7A-BDE8-D85BB2B02760}.Debug|Any CPU.Build.0 = Debug|Any CPU
		{EA10B123-A63F-4D7A-BDE8-D85BB2B02760}.Release|Any CPU.ActiveCfg = Release|Any CPU
		{EA10B123-A63F-4D7A-BDE8-D85BB2B02760}.Release|Any CPU.Build.0 = Release|Any CPU
		{B2DB81FD-9B17-4CA6-A226-014D2B6192F8}.Debug|Any CPU.ActiveCfg = Debug|Any CPU
		{B2DB81FD-9B17-4CA6-A226-014D2B6192F8}.Debug|Any CPU.Build.0 = Debug|Any CPU
		{B2DB81FD-9B17-4CA6-A226-014D2B6192F8}.Release|Any CPU.ActiveCfg = Release|Any CPU
		{B2DB81FD-9B17-4CA6-A226-014D2B6192F8}.Release|Any CPU.Build.0 = Release|Any CPU
		{931F528C-9AD1-444E-A071-58ECB99BC368}.Debug|Any CPU.ActiveCfg = Debug|Any CPU
		{931F528C-9AD1-444E-A071-58ECB99BC368}.Debug|Any CPU.Build.0 = Debug|Any CPU
		{931F528C-9AD1-444E-A071-58ECB99BC368}.Release|Any CPU.ActiveCfg = Release|Any CPU
		{931F528C-9AD1-444E-A071-58ECB99BC368}.Release|Any CPU.Build.0 = Release|Any CPU
		{219CE8C1-B8B2-4B27-939A-C32BCFB44D5F}.Debug|Any CPU.ActiveCfg = Debug|Any CPU
		{219CE8C1-B8B2-4B27-939A-C32BCFB44D5F}.Debug|Any CPU.Build.0 = Debug|Any CPU
		{219CE8C1-B8B2-4B27-939A-C32BCFB44D5F}.Release|Any CPU.ActiveCfg = Release|Any CPU
		{219CE8C1-B8B2-4B27-939A-C32BCFB44D5F}.Release|Any CPU.Build.0 = Release|Any CPU
		{5BA64C89-BCDA-4D8C-A31B-F3CF33C20F04}.Debug|Any CPU.ActiveCfg = Debug|Any CPU
		{5BA64C89-BCDA-4D8C-A31B-F3CF33C20F04}.Debug|Any CPU.Build.0 = Debug|Any CPU
		{5BA64C89-BCDA-4D8C-A31B-F3CF33C20F04}.Release|Any CPU.ActiveCfg = Release|Any CPU
		{5BA64C89-BCDA-4D8C-A31B-F3CF33C20F04}.Release|Any CPU.Build.0 = Release|Any CPU
		{CFB2C697-C2A4-492B-A17B-1C5A95637254}.Debug|Any CPU.ActiveCfg = Debug|Any CPU
		{CFB2C697-C2A4-492B-A17B-1C5A95637254}.Debug|Any CPU.Build.0 = Debug|Any CPU
		{CFB2C697-C2A4-492B-A17B-1C5A95637254}.Release|Any CPU.ActiveCfg = Release|Any CPU
		{CFB2C697-C2A4-492B-A17B-1C5A95637254}.Release|Any CPU.Build.0 = Release|Any CPU
		{DA60C746-A3E6-4AFE-AD47-3862E6AAB81E}.Debug|Any CPU.ActiveCfg = Debug|Any CPU
		{DA60C746-A3E6-4AFE-AD47-3862E6AAB81E}.Debug|Any CPU.Build.0 = Debug|Any CPU
		{DA60C746-A3E6-4AFE-AD47-3862E6AAB81E}.Release|Any CPU.ActiveCfg = Release|Any CPU
		{DA60C746-A3E6-4AFE-AD47-3862E6AAB81E}.Release|Any CPU.Build.0 = Release|Any CPU
		{9EBBF27C-8492-479B-87E8-07E9882E0694}.Debug|Any CPU.ActiveCfg = Debug|Any CPU
		{9EBBF27C-8492-479B-87E8-07E9882E0694}.Debug|Any CPU.Build.0 = Debug|Any CPU
		{9EBBF27C-8492-479B-87E8-07E9882E0694}.Release|Any CPU.ActiveCfg = Release|Any CPU
		{9EBBF27C-8492-479B-87E8-07E9882E0694}.Release|Any CPU.Build.0 = Release|Any CPU
		{0BC1AE95-BEF9-4899-A969-8E9556C5E871}.Debug|Any CPU.ActiveCfg = Debug|Any CPU
		{0BC1AE95-BEF9-4899-A969-8E9556C5E871}.Debug|Any CPU.Build.0 = Debug|Any CPU
		{0BC1AE95-BEF9-4899-A969-8E9556C5E871}.Release|Any CPU.ActiveCfg = Release|Any CPU
		{0BC1AE95-BEF9-4899-A969-8E9556C5E871}.Release|Any CPU.Build.0 = Release|Any CPU
	EndGlobalSection
	GlobalSection(SolutionProperties) = preSolution
		HideSolutionNode = FALSE
	EndGlobalSection
	GlobalSection(NestedProjects) = preSolution
		{C375BE4E-DFF2-4277-A93F-3E889F1C7146} = {80D947C5-D1E9-4814-BD59-2E49DF41D524}
		{271CA868-5BEC-4540-B462-FFA77087F4D9} = {E3FBE13A-79C0-4694-BF7C-1B8AEC22A973}
		{75373F0C-B06E-41BE-BE65-96BF8B82A264} = {E3FBE13A-79C0-4694-BF7C-1B8AEC22A973}
		{C9FAD7E9-1A72-41D8-84DE-8771E30D8CBC} = {2EF76BD0-9579-4300-BFEB-C18E64CF9FF1}
		{EF011870-ADD9-496C-B977-6DACE8F89447} = {2EF76BD0-9579-4300-BFEB-C18E64CF9FF1}
		{A0469F13-0753-41C3-B67B-CA76758D9A23} = {2EF76BD0-9579-4300-BFEB-C18E64CF9FF1}
		{FF7F4A29-D472-47EC-ADD1-6DDC90B90F07} = {B5BE6112-E379-4ECB-BBCF-5621565863FC}
		{E3C49D16-324F-4913-AEDB-953A5B11FFEA} = {B5BE6112-E379-4ECB-BBCF-5621565863FC}
		{918F2EA2-98DB-4342-BD47-1EFBCB7EE56B} = {80D947C5-D1E9-4814-BD59-2E49DF41D524}
		{D9184C02-2ADA-42F2-86D3-70836754205D} = {80D947C5-D1E9-4814-BD59-2E49DF41D524}
		{0F018367-20E1-4AF9-BEF9-C21AB4C9D838} = {2EF76BD0-9579-4300-BFEB-C18E64CF9FF1}
		{CA750478-FC5F-4979-807B-B6D6EF362219} = {868F8BD1-089A-4E76-BDEC-365F89CDB984}
		{389A84C9-024A-4F5C-B6D5-290FA6C3A05A} = {74C5D6A4-483F-4925-AE17-ED20131DE41C}
		{5FE4AB3E-0809-48CE-BE52-9A18B2DF9609} = {718D2BE5-3500-483F-BC23-FD1336336134}
		{0881795D-C8B7-4606-8D46-B9FC940BB5E6} = {718D2BE5-3500-483F-BC23-FD1336336134}
		{3C1648E5-3192-4CAE-B3A7-2B2CA7FEF8DD} = {0F901F73-692C-41A2-8496-548DE1430391}
		{43903ED6-420A-476C-B154-63E4A31CB9A4} = {868F8BD1-089A-4E76-BDEC-365F89CDB984}
		{D5449275-9B77-4543-A398-BC1568C9999D} = {868F8BD1-089A-4E76-BDEC-365F89CDB984}
		{359B7CBB-CDE6-403E-8EA4-F6EC7F51E2EF} = {868F8BD1-089A-4E76-BDEC-365F89CDB984}
		{5175D0A8-9C62-43B9-B760-E9941F61A6F4} = {A8F9A7BF-5AF8-4C23-A99D-6737FCAE4F2B}
		{F99E8976-7006-42C9-A803-4FCBD3476578} = {A8F9A7BF-5AF8-4C23-A99D-6737FCAE4F2B}
		{7F11E547-3A0E-4B67-BF3A-87658CD4D230} = {80D947C5-D1E9-4814-BD59-2E49DF41D524}
		{B7D5F54B-FF43-44B0-8775-5DD0DCC03E3C} = {A768DE76-513E-401C-A677-501E4BBA480E}
		{989E2B9D-BC51-4379-8CDA-9AADBB434528} = {9DA02F82-AD1C-4834-8C96-2836B80B1ECD}
		{1DAC53A2-16C7-4DA9-806D-75279DA9F91E} = {9DA02F82-AD1C-4834-8C96-2836B80B1ECD}
		{7DCB57BF-028E-4722-8E1C-A5ED0D4B07A5} = {9DA02F82-AD1C-4834-8C96-2836B80B1ECD}
		{D904DCD7-389C-4E75-A863-F673710113AD} = {BF9CD386-61B2-438C-8F74-D95ED547CF6A}
		{18A2F0BE-9379-49A6-9561-94AB2FC0D9AE} = {E88FB65B-BFCB-437C-BF9E-690FBF664FBC}
		{73AFE8EC-1C36-41F2-B5FD-F03B1889E294} = {BF9CD386-61B2-438C-8F74-D95ED547CF6A}
		{23D43178-0B76-40BD-92FB-EF94113562EF} = {E88FB65B-BFCB-437C-BF9E-690FBF664FBC}
		{1967F6BA-DB75-457A-8B0B-247146B76E1C} = {BF3BF946-C947-4AFC-8ABB-9C2ED1A0E687}
		{2BEA60A9-D263-4BBC-8E9B-6C9D1090F75F} = {21CE9FC6-1F31-4200-9DC1-BD38FB9AC299}
		{E58B5A13-CD0E-48BD-B7D8-639C894826DF} = {5A35B567-661E-4E8A-B88D-E10AC899B03A}
		{19FADD11-2E7A-4D88-8B7B-3CCF84D4722E} = {74C5D6A4-483F-4925-AE17-ED20131DE41C}
		{3C9E2256-3D38-4BCA-ACA4-0B5918E320AE} = {BF9CD386-61B2-438C-8F74-D95ED547CF6A}
		{A521281E-EA57-4145-9F55-6EE74F065888} = {BCCF7BA0-13D4-41B6-B803-A5609AC0ACA4}
		{8E814F55-1422-471E-AAEE-04C20772631E} = {718D2BE5-3500-483F-BC23-FD1336336134}
		{8537243F-1409-4C99-92D3-1E24235214C9} = {BCCF7BA0-13D4-41B6-B803-A5609AC0ACA4}
		{768EE2BC-7441-4A4C-9A28-4FFBB7AB0A3F} = {33FAA69E-261C-4BF9-A8C3-7FF70F6899D1}
		{3821CEE4-5A47-4F0B-B011-8D75A7CA5759} = {0F901F73-692C-41A2-8496-548DE1430391}
		{4BDFA78C-CAFF-4B6C-8AA7-15DC655DB34A} = {21CE9FC6-1F31-4200-9DC1-BD38FB9AC299}
		{6E789186-0659-42EA-B4B9-EDFCBF5EAD9C} = {BF3BF946-C947-4AFC-8ABB-9C2ED1A0E687}
		{815C4C56-117F-4AE2-AD1A-4CFD57B79F2D} = {718D2BE5-3500-483F-BC23-FD1336336134}
		{EA10B123-A63F-4D7A-BDE8-D85BB2B02760} = {5A35B567-661E-4E8A-B88D-E10AC899B03A}
		{B2DB81FD-9B17-4CA6-A226-014D2B6192F8} = {A8F9A7BF-5AF8-4C23-A99D-6737FCAE4F2B}
		{931F528C-9AD1-444E-A071-58ECB99BC368} = {A8F9A7BF-5AF8-4C23-A99D-6737FCAE4F2B}
		{219CE8C1-B8B2-4B27-939A-C32BCFB44D5F} = {A8F9A7BF-5AF8-4C23-A99D-6737FCAE4F2B}
		{5BA64C89-BCDA-4D8C-A31B-F3CF33C20F04} = {A8F9A7BF-5AF8-4C23-A99D-6737FCAE4F2B}
		{CFB2C697-C2A4-492B-A17B-1C5A95637254} = {EDBC8242-986B-46BC-A258-AA1D22B9615F}
		{DA60C746-A3E6-4AFE-AD47-3862E6AAB81E} = {EDBC8242-986B-46BC-A258-AA1D22B9615F}
		{9EBBF27C-8492-479B-87E8-07E9882E0694} = {A8F9A7BF-5AF8-4C23-A99D-6737FCAE4F2B}
		{0BC1AE95-BEF9-4899-A969-8E9556C5E871} = {21CE9FC6-1F31-4200-9DC1-BD38FB9AC299}
	EndGlobalSection
	GlobalSection(ExtensibilityGlobals) = postSolution
		SolutionGuid = {1529009C-D686-4BFA-A3FA-7F36442D6017}
	EndGlobalSection
EndGlobal
