
Microsoft Visual Studio Solution File, Format Version 12.00
# Visual Studio Version 16
VisualStudioVersion = 16.0.30011.22
MinimumVisualStudioVersion = 10.0.40219.1
Project("{FAE04EC0-301F-11D3-BF4B-00C04F79EFBC}") = "DatabaseCommandSQLiteDataGridView", "DatabaseCommandSQLiteDataGridView.csproj", "{5175D0A8-9C62-43B9-B760-E9941F61A6F4}"
EndProject
Global
	GlobalSection(SolutionConfigurationPlatforms) = preSolution
		Debug|Any CPU = Debug|Any CPU
		Release|Any CPU = Release|Any CPU
	EndGlobalSection
	GlobalSection(ProjectConfigurationPlatforms) = postSolution
		{5175D0A8-9C62-43B9-B760-E9941F61A6F4}.Debug|Any CPU.ActiveCfg = Debug|Any CPU
		{5175D0A8-9C62-43B9-B760-E9941F61A6F4}.Debug|Any CPU.Build.0 = Debug|Any CPU
		{5175D0A8-9C62-43B9-B760-E9941F61A6F4}.Release|Any CPU.ActiveCfg = Release|Any CPU
		{5175D0A8-9C62-43B9-B760-E9941F61A6F4}.Release|Any CPU.Build.0 = Release|Any CPU
	EndGlobalSection
	GlobalSection(SolutionProperties) = preSolution
		HideSolutionNode = FALSE
	EndGlobalSection
	GlobalSection(ExtensibilityGlobals) = postSolution
		SolutionGuid = {1A6D279D-B74D-4F63-8387-39B575EE5555}
	EndGlobalSection
EndGlobal
